
Microsoft Visual Studio Solution File, Format Version 12.00
# Visual Studio Version 17
VisualStudioVersion = 17.0.31521.260
MinimumVisualStudioVersion = 10.0.40219.1
Project("{8BC9CEB8-8B4A-11D0-8D11-00A0C91BC942}") = "TimerQueueTest", "TimerQueueTest.vcxproj", "{8B3F49D9-5FC1-4EBD-BA02-3D5A93A4456A}"
EndProject
Global
	GlobalSection(SolutionConfigurationPlatforms) = preSolution
		Debug|x64 = Debug|x64
		Debug|x86 = Debug|x86
		Release|x64 = Release|x64
		Release|x86 = Release|x86
	EndGlobalSection
	GlobalSection(ProjectConfigurationPlatforms) = postSolution
		{8B3F49D9-5FC1-4EBD-BA02-3D5A93A4456A}.Debug|x64.ActiveCfg = Debug|x64
		{8B3F49D9-5FC1-4EBD-BA02-3D5A93A4456A}.Debug|x64.Build.0 = Debug|x64
		{8B3F49D9-5FC1-4EBD-BA02-3D5A93A4456A}.Debug|x86.ActiveCfg = Debug|Win32
		{8B3F49D9-5FC1-4EBD-BA02-3D5A93A4456A}.Debug|x86.Build.0 = Debug|Win32
		{8B3F49D9-5FC1-4EBD-BA02-3D5A93A4456A}.Release|x64.ActiveCfg = Release|x64
		{8B3F49D9-5FC1-4EBD-BA02-3D5A93A4456A}.Release|x64.Build.0 = Release|x64
		{8B3F49D9-5FC1-4EBD-BA02-3D5A93A4456A}.Release|x86.ActiveCfg = Release|Win32
		{8B3F49D9-5FC1-4EBD-BA02-3D5A93A4456A}.Release|x86.Build.0 = Release|Win32
	EndGlobalSection
	GlobalSection(SolutionProperties) = preSolution
		HideSolutionNode = FALSE
	EndGlobalSection
	GlobalSection(ExtensibilityGlobals) = postSolution
		SolutionGuid = {65872629-7D04-4B6E-BB39-AEDF09245BE0}
	EndGlobalSection
EndGlobal
